
Microsoft Visual Studio Solution File, Format Version 12.00
# Visual Studio 15
VisualStudioVersion = 15.0.26124.0
MinimumVisualStudioVersion = 15.0.26124.0
Project("{9A19103F-16F7-4668-BE54-9A1E7A4F7556}") = "expert-system", "src\expert-system.csproj", "{275CF926-C368-4F65-B872-B0EB35AD2A2F}"
EndProject
Project("{9A19103F-16F7-4668-BE54-9A1E7A4F7556}") = "expert-system-test", "test\expert-system-test.csproj", "{4660ADBB-1C0D-4366-81B2-5594A6C13CCD}"
EndProject
Global
	GlobalSection(SolutionConfigurationPlatforms) = preSolution
		Debug|Any CPU = Debug|Any CPU
		Debug|x64 = Debug|x64
		Debug|x86 = Debug|x86
		Release|Any CPU = Release|Any CPU
		Release|x64 = Release|x64
		Release|x86 = Release|x86
	EndGlobalSection
	GlobalSection(ProjectConfigurationPlatforms) = postSolution
		{275CF926-C368-4F65-B872-B0EB35AD2A2F}.Debug|Any CPU.ActiveCfg = Debug|Any CPU
		{275CF926-C368-4F65-B872-B0EB35AD2A2F}.Debug|Any CPU.Build.0 = Debug|Any CPU
		{275CF926-C368-4F65-B872-B0EB35AD2A2F}.Debug|x64.ActiveCfg = Debug|Any CPU
		{275CF926-C368-4F65-B872-B0EB35AD2A2F}.Debug|x64.Build.0 = Debug|Any CPU
		{275CF926-C368-4F65-B872-B0EB35AD2A2F}.Debug|x86.ActiveCfg = Debug|Any CPU
		{275CF926-C368-4F65-B872-B0EB35AD2A2F}.Debug|x86.Build.0 = Debug|Any CPU
		{275CF926-C368-4F65-B872-B0EB35AD2A2F}.Release|Any CPU.ActiveCfg = Release|Any CPU
		{275CF926-C368-4F65-B872-B0EB35AD2A2F}.Release|Any CPU.Build.0 = Release|Any CPU
		{275CF926-C368-4F65-B872-B0EB35AD2A2F}.Release|x64.ActiveCfg = Release|Any CPU
		{275CF926-C368-4F65-B872-B0EB35AD2A2F}.Release|x64.Build.0 = Release|Any CPU
		{275CF926-C368-4F65-B872-B0EB35AD2A2F}.Release|x86.ActiveCfg = Release|Any CPU
		{275CF926-C368-4F65-B872-B0EB35AD2A2F}.Release|x86.Build.0 = Release|Any CPU
		{4660ADBB-1C0D-4366-81B2-5594A6C13CCD}.Debug|Any CPU.ActiveCfg = Debug|Any CPU
		{4660ADBB-1C0D-4366-81B2-5594A6C13CCD}.Debug|Any CPU.Build.0 = Debug|Any CPU
		{4660ADBB-1C0D-4366-81B2-5594A6C13CCD}.Debug|x64.ActiveCfg = Debug|Any CPU
		{4660ADBB-1C0D-4366-81B2-5594A6C13CCD}.Debug|x64.Build.0 = Debug|Any CPU
		{4660ADBB-1C0D-4366-81B2-5594A6C13CCD}.Debug|x86.ActiveCfg = Debug|Any CPU
		{4660ADBB-1C0D-4366-81B2-5594A6C13CCD}.Debug|x86.Build.0 = Debug|Any CPU
		{4660ADBB-1C0D-4366-81B2-5594A6C13CCD}.Release|Any CPU.ActiveCfg = Release|Any CPU
		{4660ADBB-1C0D-4366-81B2-5594A6C13CCD}.Release|Any CPU.Build.0 = Release|Any CPU
		{4660ADBB-1C0D-4366-81B2-5594A6C13CCD}.Release|x64.ActiveCfg = Release|Any CPU
		{4660ADBB-1C0D-4366-81B2-5594A6C13CCD}.Release|x64.Build.0 = Release|Any CPU
		{4660ADBB-1C0D-4366-81B2-5594A6C13CCD}.Release|x86.ActiveCfg = Release|Any CPU
		{4660ADBB-1C0D-4366-81B2-5594A6C13CCD}.Release|x86.Build.0 = Release|Any CPU
	EndGlobalSection
	GlobalSection(SolutionProperties) = preSolution
		HideSolutionNode = FALSE
	EndGlobalSection
	GlobalSection(ExtensibilityGlobals) = postSolution
		SolutionGuid = {54601846-0700-4F41-B1D5-D96D75EE80F0}
	EndGlobalSection
EndGlobal
